
Microsoft Visual Studio Solution File, Format Version 12.00
# Visual Studio Version 17
VisualStudioVersion = 17.0.31903.59
MinimumVisualStudioVersion = 10.0.40219.1
Project("{FAE04EC0-301F-11D3-BF4B-00C04F79EFBC}") = "Foobar", "Foobar\Foobar.csproj", "{F9FA2F0C-15AF-41B2-9669-39838BE187E0}"
EndProject
Project("{FAE04EC0-301F-11D3-BF4B-00C04F79EFBC}") = "Foobar.NUnit.Tests", "Foobar.NUnit.Tests\Foobar.NUnit.Tests.csproj", "{5CAA1F34-ADA4-4ABB-AB88-1278F107A62B}"
EndProject
Project("{FAE04EC0-301F-11D3-BF4B-00C04F79EFBC}") = "Foobar.XUnit.Tests", "Foobar.XUnit.Tests\Foobar.XUnit.Tests.csproj", "{29967540-1F4B-4C5B-9E24-88B61F07B95E}"
EndProject
Global
	GlobalSection(SolutionConfigurationPlatforms) = preSolution
		Debug|Any CPU = Debug|Any CPU
		Release|Any CPU = Release|Any CPU
	EndGlobalSection
	GlobalSection(SolutionProperties) = preSolution
		HideSolutionNode = FALSE
	EndGlobalSection
	GlobalSection(ProjectConfigurationPlatforms) = postSolution
		{F9FA2F0C-15AF-41B2-9669-39838BE187E0}.Debug|Any CPU.ActiveCfg = Debug|Any CPU
		{F9FA2F0C-15AF-41B2-9669-39838BE187E0}.Debug|Any CPU.Build.0 = Debug|Any CPU
		{F9FA2F0C-15AF-41B2-9669-39838BE187E0}.Release|Any CPU.ActiveCfg = Release|Any CPU
		{F9FA2F0C-15AF-41B2-9669-39838BE187E0}.Release|Any CPU.Build.0 = Release|Any CPU
		{5CAA1F34-ADA4-4ABB-AB88-1278F107A62B}.Debug|Any CPU.ActiveCfg = Debug|Any CPU
		{5CAA1F34-ADA4-4ABB-AB88-1278F107A62B}.Debug|Any CPU.Build.0 = Debug|Any CPU
		{5CAA1F34-ADA4-4ABB-AB88-1278F107A62B}.Release|Any CPU.ActiveCfg = Release|Any CPU
		{5CAA1F34-ADA4-4ABB-AB88-1278F107A62B}.Release|Any CPU.Build.0 = Release|Any CPU
		{29967540-1F4B-4C5B-9E24-88B61F07B95E}.Debug|Any CPU.ActiveCfg = Debug|Any CPU
		{29967540-1F4B-4C5B-9E24-88B61F07B95E}.Debug|Any CPU.Build.0 = Debug|Any CPU
		{29967540-1F4B-4C5B-9E24-88B61F07B95E}.Release|Any CPU.ActiveCfg = Release|Any CPU
		{29967540-1F4B-4C5B-9E24-88B61F07B95E}.Release|Any CPU.Build.0 = Release|Any CPU
	EndGlobalSection
EndGlobal
